// !$*UTF8*$!
{
	archiveVersion = 1;
	classes = {
	};
	objectVersion = 46;
	objects = {

/* Begin PBXBuildFile section */
		AC360A7A1987848C0AA1F968 /* Pods_ta20160927_realm.framework in Frameworks */ = {isa = PBXBuildFile; fileRef = 89A82E53DB00585B4733C120 /* Pods_ta20160927_realm.framework */; };
		E3FAD8C51D9A588400592CF6 /* AppDelegate.swift in Sources */ = {isa = PBXBuildFile; fileRef = E3FAD8C41D9A588400592CF6 /* AppDelegate.swift */; };
		E3FAD8C71D9A588400592CF6 /* ViewController.swift in Sources */ = {isa = PBXBuildFile; fileRef = E3FAD8C61D9A588400592CF6 /* ViewController.swift */; };
		E3FAD8CA1D9A588400592CF6 /* Main.storyboard in Resources */ = {isa = PBXBuildFile; fileRef = E3FAD8C81D9A588400592CF6 /* Main.storyboard */; };
		E3FAD8CD1D9A588400592CF6 /* ta20160927_realm.xcdatamodeld in Sources */ = {isa = PBXBuildFile; fileRef = E3FAD8CB1D9A588400592CF6 /* ta20160927_realm.xcdatamodeld */; };
		E3FAD8CF1D9A588400592CF6 /* Assets.xcassets in Resources */ = {isa = PBXBuildFile; fileRef = E3FAD8CE1D9A588400592CF6 /* Assets.xcassets */; };
		E3FAD8D21D9A588400592CF6 /* LaunchScreen.storyboard in Resources */ = {isa = PBXBuildFile; fileRef = E3FAD8D01D9A588400592CF6 /* LaunchScreen.storyboard */; };
/* End PBXBuildFile section */

/* Begin PBXFileReference section */
		1CDCE801E241394AD6D9A24B /* Pods-ta20160927_realm.debug.xcconfig */ = {isa = PBXFileReference; includeInIndex = 1; lastKnownFileType = text.xcconfig; name = "Pods-ta20160927_realm.debug.xcconfig"; path = "Pods/Target Support Files/Pods-ta20160927_realm/Pods-ta20160927_realm.debug.xcconfig"; sourceTree = "<group>"; };
		74FD2A72400E065F4F9752B4 /* Pods-ta20160927_realm.release.xcconfig */ = {isa = PBXFileReference; includeInIndex = 1; lastKnownFileType = text.xcconfig; name = "Pods-ta20160927_realm.release.xcconfig"; path = "Pods/Target Support Files/Pods-ta20160927_realm/Pods-ta20160927_realm.release.xcconfig"; sourceTree = "<group>"; };
		89A82E53DB00585B4733C120 /* Pods_ta20160927_realm.framework */ = {isa = PBXFileReference; explicitFileType = wrapper.framework; includeInIndex = 0; path = Pods_ta20160927_realm.framework; sourceTree = BUILT_PRODUCTS_DIR; };
		E3FAD8C11D9A588400592CF6 /* ta20160927_realm.app */ = {isa = PBXFileReference; explicitFileType = wrapper.application; includeInIndex = 0; path = ta20160927_realm.app; sourceTree = BUILT_PRODUCTS_DIR; };
		E3FAD8C41D9A588400592CF6 /* AppDelegate.swift */ = {isa = PBXFileReference; lastKnownFileType = sourcecode.swift; path = AppDelegate.swift; sourceTree = "<group>"; };
		E3FAD8C61D9A588400592CF6 /* ViewController.swift */ = {isa = PBXFileReference; lastKnownFileType = sourcecode.swift; path = ViewController.swift; sourceTree = "<group>"; };
		E3FAD8C91D9A588400592CF6 /* Base */ = {isa = PBXFileReference; lastKnownFileType = file.storyboard; name = Base; path = Base.lproj/Main.storyboard; sourceTree = "<group>"; };
		E3FAD8CC1D9A588400592CF6 /* ta20160927_realm.xcdatamodel */ = {isa = PBXFileReference; lastKnownFileType = wrapper.xcdatamodel; path = ta20160927_realm.xcdatamodel; sourceTree = "<group>"; };
		E3FAD8CE1D9A588400592CF6 /* Assets.xcassets */ = {isa = PBXFileReference; lastKnownFileType = folder.assetcatalog; path = Assets.xcassets; sourceTree = "<group>"; };
		E3FAD8D11D9A588400592CF6 /* Base */ = {isa = PBXFileReference; lastKnownFileType = file.storyboard; name = Base; path = Base.lproj/LaunchScreen.storyboard; sourceTree = "<group>"; };
		E3FAD8D31D9A588400592CF6 /* Info.plist */ = {isa = PBXFileReference; lastKnownFileType = text.plist.xml; path = Info.plist; sourceTree = "<group>"; };
/* End PBXFileReference section */

/* Begin PBXFrameworksBuildPhase section */
		E3FAD8BE1D9A588400592CF6 /* Frameworks */ = {
			isa = PBXFrameworksBuildPhase;
			buildActionMask = 2147483647;
			files = (
				AC360A7A1987848C0AA1F968 /* Pods_ta20160927_realm.framework in Frameworks */,
			);
			runOnlyForDeploymentPostprocessing = 0;
		};
/* End PBXFrameworksBuildPhase section */

/* Begin PBXGroup section */
		0AD3367446E91BF923F05910 /* Frameworks */ = {
			isa = PBXGroup;
			children = (
				89A82E53DB00585B4733C120 /* Pods_ta20160927_realm.framework */,
			);
			name = Frameworks;
			sourceTree = "<group>";
		};
		E3FAD8B81D9A588400592CF6 = {
			isa = PBXGroup;
			children = (
				E3FAD8C31D9A588400592CF6 /* ta20160927_realm */,
				E3FAD8C21D9A588400592CF6 /* Products */,
				F41CCC44EA889D5BF680EC18 /* Pods */,
				0AD3367446E91BF923F05910 /* Frameworks */,
			);
			sourceTree = "<group>";
		};
		E3FAD8C21D9A588400592CF6 /* Products */ = {
			isa = PBXGroup;
			children = (
				E3FAD8C11D9A588400592CF6 /* ta20160927_realm.app */,
			);
			name = Products;
			sourceTree = "<group>";
		};
		E3FAD8C31D9A588400592CF6 /* ta20160927_realm */ = {
			isa = PBXGroup;
			children = (
				E3FAD8C41D9A588400592CF6 /* AppDelegate.swift */,
				E3FAD8C61D9A588400592CF6 /* ViewController.swift */,
				E3FAD8C81D9A588400592CF6 /* Main.storyboard */,
				E3FAD8CE1D9A588400592CF6 /* Assets.xcassets */,
				E3FAD8D01D9A588400592CF6 /* LaunchScreen.storyboard */,
				E3FAD8D31D9A588400592CF6 /* Info.plist */,
				E3FAD8CB1D9A588400592CF6 /* ta20160927_realm.xcdatamodeld */,
			);
			path = ta20160927_realm;
			sourceTree = "<group>";
		};
		F41CCC44EA889D5BF680EC18 /* Pods */ = {
			isa = PBXGroup;
			children = (
				1CDCE801E241394AD6D9A24B /* Pods-ta20160927_realm.debug.xcconfig */,
				74FD2A72400E065F4F9752B4 /* Pods-ta20160927_realm.release.xcconfig */,
			);
			name = Pods;
			sourceTree = "<group>";
		};
/* End PBXGroup section */

/* Begin PBXNativeTarget section */
		E3FAD8C01D9A588400592CF6 /* ta20160927_realm */ = {
			isa = PBXNativeTarget;
			buildConfigurationList = E3FAD8D61D9A588400592CF6 /* Build configuration list for PBXNativeTarget "ta20160927_realm" */;
			buildPhases = (
				30B32A7A2C5820602FB6E972 /* [CP] Check Pods Manifest.lock */,
				E3FAD8BD1D9A588400592CF6 /* Sources */,
				E3FAD8BE1D9A588400592CF6 /* Frameworks */,
				E3FAD8BF1D9A588400592CF6 /* Resources */,
				0597531B290D7CC79DE71334 /* [CP] Embed Pods Frameworks */,
				18D8AD10EAD168DBE50FC243 /* [CP] Copy Pods Resources */,
			);
			buildRules = (
			);
			dependencies = (
			);
			name = ta20160927_realm;
			productName = ta20160927_realm;
			productReference = E3FAD8C11D9A588400592CF6 /* ta20160927_realm.app */;
			productType = "com.apple.product-type.application";
		};
/* End PBXNativeTarget section */

/* Begin PBXProject section */
		E3FAD8B91D9A588400592CF6 /* Project object */ = {
			isa = PBXProject;
			attributes = {
				LastSwiftUpdateCheck = 0730;
				LastUpgradeCheck = 0730;
				ORGANIZATIONNAME = "김정원";
				TargetAttributes = {
					E3FAD8C01D9A588400592CF6 = {
						CreatedOnToolsVersion = 7.3.1;
					};
				};
			};
			buildConfigurationList = E3FAD8BC1D9A588400592CF6 /* Build configuration list for PBXProject "ta20160927_realm" */;
			compatibilityVersion = "Xcode 3.2";
			developmentRegion = English;
			hasScannedForEncodings = 0;
			knownRegions = (
				en,
				Base,
			);
			mainGroup = E3FAD8B81D9A588400592CF6;
			productRefGroup = E3FAD8C21D9A588400592CF6 /* Products */;
			projectDirPath = "";
			projectRoot = "";
			targets = (
				E3FAD8C01D9A588400592CF6 /* ta20160927_realm */,
			);
		};
/* End PBXProject section */

/* Begin PBXResourcesBuildPhase section */
		E3FAD8BF1D9A588400592CF6 /* Resources */ = {
			isa = PBXResourcesBuildPhase;
			buildActionMask = 2147483647;
			files = (
				E3FAD8D21D9A588400592CF6 /* LaunchScreen.storyboard in Resources */,
				E3FAD8CF1D9A588400592CF6 /* Assets.xcassets in Resources */,
				E3FAD8CA1D9A588400592CF6 /* Main.storyboard in Resources */,
			);
			runOnlyForDeploymentPostprocessing = 0;
		};
/* End PBXResourcesBuildPhase section */

/* Begin PBXShellScriptBuildPhase section */
		0597531B290D7CC79DE71334 /* [CP] Embed Pods Frameworks */ = {
			isa = PBXShellScriptBuildPhase;
			buildActionMask = 2147483647;
			files = (
			);
			inputPaths = (
			);
			name = "[CP] Embed Pods Frameworks";
			outputPaths = (
			);
			runOnlyForDeploymentPostprocessing = 0;
			shellPath = /bin/sh;
			shellScript = "\"${SRCROOT}/Pods/Target Support Files/Pods-ta20160927_realm/Pods-ta20160927_realm-frameworks.sh\"\n";
			showEnvVarsInLog = 0;
		};
		18D8AD10EAD168DBE50FC243 /* [CP] Copy Pods Resources */ = {
			isa = PBXShellScriptBuildPhase;
			buildActionMask = 2147483647;
			files = (
			);
			inputPaths = (
			);
			name = "[CP] Copy Pods Resources";
			outputPaths = (
			);
			runOnlyForDeploymentPostprocessing = 0;
			shellPath = /bin/sh;
			shellScript = "\"${SRCROOT}/Pods/Target Support Files/Pods-ta20160927_realm/Pods-ta20160927_realm-resources.sh\"\n";
			showEnvVarsInLog = 0;
		};
		30B32A7A2C5820602FB6E972 /* [CP] Check Pods Manifest.lock */ = {
			isa = PBXShellScriptBuildPhase;
			buildActionMask = 2147483647;
			files = (
			);
			inputPaths = (
			);
			name = "[CP] Check Pods Manifest.lock";
			outputPaths = (
			);
			runOnlyForDeploymentPostprocessing = 0;
			shellPath = /bin/sh;
			shellScript = "diff \"${PODS_ROOT}/../Podfile.lock\" \"${PODS_ROOT}/Manifest.lock\" > /dev/null\nif [ $? != 0 ] ; then\n    # print error to STDERR\n    echo \"error: The sandbox is not in sync with the Podfile.lock. Run 'pod install' or update your CocoaPods installation.\" >&2\n    exit 1\nfi\n";
			showEnvVarsInLog = 0;
		};
/* End PBXShellScriptBuildPhase section */

/* Begin PBXSourcesBuildPhase section */
		E3FAD8BD1D9A588400592CF6 /* Sources */ = {
			isa = PBXSourcesBuildPhase;
			buildActionMask = 2147483647;
			files = (
				E3FAD8CD1D9A588400592CF6 /* ta20160927_realm.xcdatamodeld in Sources */,
				E3FAD8C71D9A588400592CF6 /* ViewController.swift in Sources */,
				E3FAD8C51D9A588400592CF6 /* AppDelegate.swift in Sources */,
			);
			runOnlyForDeploymentPostprocessing = 0;
		};
/* End PBXSourcesBuildPhase section */

/* Begin PBXVariantGroup section */
		E3FAD8C81D9A588400592CF6 /* Main.storyboard */ = {
			isa = PBXVariantGroup;
			children = (
				E3FAD8C91D9A588400592CF6 /* Base */,
			);
			name = Main.storyboard;
			sourceTree = "<group>";
		};
		E3FAD8D01D9A588400592CF6 /* LaunchScreen.storyboard */ = {
			isa = PBXVariantGroup;
			children = (
				E3FAD8D11D9A588400592CF6 /* Base */,
			);
			name = LaunchScreen.storyboard;
			sourceTree = "<group>";
		};
/* End PBXVariantGroup section */

/* Begin XCBuildConfiguration section */
		E3FAD8D41D9A588400592CF6 /* Debug */ = {
			isa = XCBuildConfiguration;
			buildSettings = {
				ALWAYS_SEARCH_USER_PATHS = NO;
				CLANG_ANALYZER_NONNULL = YES;
				CLANG_CXX_LANGUAGE_STANDARD = "gnu++0x";
				CLANG_CXX_LIBRARY = "libc++";
				CLANG_ENABLE_MODULES = YES;
				CLANG_ENABLE_OBJC_ARC = YES;
				CLANG_WARN_BOOL_CONVERSION = YES;
				CLANG_WARN_CONSTANT_CONVERSION = YES;
				CLANG_WARN_DIRECT_OBJC_ISA_USAGE = YES_ERROR;
				CLANG_WARN_EMPTY_BODY = YES;
				CLANG_WARN_ENUM_CONVERSION = YES;
				CLANG_WARN_INT_CONVERSION = YES;
				CLANG_WARN_OBJC_ROOT_CLASS = YES_ERROR;
				CLANG_WARN_UNREACHABLE_CODE = YES;
				CLANG_WARN__DUPLICATE_METHOD_MATCH = YES;
				"CODE_SIGN_IDENTITY[sdk=iphoneos*]" = "iPhone Developer";
				COPY_PHASE_STRIP = NO;
				DEBUG_INFORMATION_FORMAT = dwarf;
				ENABLE_STRICT_OBJC_MSGSEND = YES;
				ENABLE_TESTABILITY = YES;
				GCC_C_LANGUAGE_STANDARD = gnu99;
				GCC_DYNAMIC_NO_PIC = NO;
				GCC_NO_COMMON_BLOCKS = YES;
				GCC_OPTIMIZATION_LEVEL = 0;
				GCC_PREPROCESSOR_DEFINITIONS = (
					"DEBUG=1",
					"$(inherited)",
				);
				GCC_WARN_64_TO_32_BIT_CONVERSION = YES;
				GCC_WARN_ABOUT_RETURN_TYPE = YES_ERROR;
				GCC_WARN_UNDECLARED_SELECTOR = YES;
				GCC_WARN_UNINITIALIZED_AUTOS = YES_AGGRESSIVE;
				GCC_WARN_UNUSED_FUNCTION = YES;
				GCC_WARN_UNUSED_VARIABLE = YES;
				IPHONEOS_DEPLOYMENT_TARGET = 9.3;
				MTL_ENABLE_DEBUG_INFO = YES;
				ONLY_ACTIVE_ARCH = YES;
				SDKROOT = iphoneos;
				SWIFT_OPTIMIZATION_LEVEL = "-Onone";
			};
			name = Debug;
		};
		E3FAD8D51D9A588400592CF6 /* Release */ = {
			isa = XCBuildConfiguration;
			buildSettings = {
				ALWAYS_SEARCH_USER_PATHS = NO;
				CLANG_ANALYZER_NONNULL = YES;
				CLANG_CXX_LANGUAGE_STANDARD = "gnu++0x";
				CLANG_CXX_LIBRARY = "libc++";
				CLANG_ENABLE_MODULES = YES;
				CLANG_ENABLE_OBJC_ARC = YES;
				CLANG_WARN_BOOL_CONVERSION = YES;
				CLANG_WARN_CONSTANT_CONVERSION = YES;
				CLANG_WARN_DIRECT_OBJC_ISA_USAGE = YES_ERROR;
				CLANG_WARN_EMPTY_BODY = YES;
				CLANG_WARN_ENUM_CONVERSION = YES;
				CLANG_WARN_INT_CONVERSION = YES;
				CLANG_WARN_OBJC_ROOT_CLASS = YES_ERROR;
				CLANG_WARN_UNREACHABLE_CODE = YES;
				CLANG_WARN__DUPLICATE_METHOD_MATCH = YES;
				"CODE_SIGN_IDENTITY[sdk=iphoneos*]" = "iPhone Developer";
				COPY_PHASE_STRIP = NO;
				DEBUG_INFORMATION_FORMAT = "dwarf-with-dsym";
				ENABLE_NS_ASSERTIONS = NO;
				ENABLE_STRICT_OBJC_MSGSEND = YES;
				GCC_C_LANGUAGE_STANDARD = gnu99;
				GCC_NO_COMMON_BLOCKS = YES;
				GCC_WARN_64_TO_32_BIT_CONVERSION = YES;
				GCC_WARN_ABOUT_RETURN_TYPE = YES_ERROR;
				GCC_WARN_UNDECLARED_SELECTOR = YES;
				GCC_WARN_UNINITIALIZED_AUTOS = YES_AGGRESSIVE;
				GCC_WARN_UNUSED_FUNCTION = YES;
				GCC_WARN_UNUSED_VARIABLE = YES;
				IPHONEOS_DEPLOYMENT_TARGET = 9.3;
				MTL_ENABLE_DEBUG_INFO = NO;
				SDKROOT = iphoneos;
				VALIDATE_PRODUCT = YES;
			};
			name = Release;
		};
		E3FAD8D71D9A588400592CF6 /* Debug */ = {
			isa = XCBuildConfiguration;
			baseConfigurationReference = 1CDCE801E241394AD6D9A24B /* Pods-ta20160927_realm.debug.xcconfig */;
			buildSettings = {
				ASSETCATALOG_COMPILER_APPICON_NAME = AppIcon;
				INFOPLIST_FILE = ta20160927_realm/Info.plist;
				LD_RUNPATH_SEARCH_PATHS = "$(inherited) @executable_path/Frameworks";
				PRODUCT_BUNDLE_IDENTIFIER = "com.jwk.ta20160927-realm";
				PRODUCT_NAME = "$(TARGET_NAME)";
			};
			name = Debug;
		};
		E3FAD8D81D9A588400592CF6 /* Release */ = {
			isa = XCBuildConfiguration;
			baseConfigurationReference = 74FD2A72400E065F4F9752B4 /* Pods-ta20160927_realm.release.xcconfig */;
			buildSettings = {
				ASSETCATALOG_COMPILER_APPICON_NAME = AppIcon;
				INFOPLIST_FILE = ta20160927_realm/Info.plist;
				LD_RUNPATH_SEARCH_PATHS = "$(inherited) @executable_path/Frameworks";
				PRODUCT_BUNDLE_IDENTIFIER = "com.jwk.ta20160927-realm";
				PRODUCT_NAME = "$(TARGET_NAME)";
			};
			name = Release;
		};
/* End XCBuildConfiguration section */

/* Begin XCConfigurationList section */
		E3FAD8BC1D9A588400592CF6 /* Build configuration list for PBXProject "ta20160927_realm" */ = {
			isa = XCConfigurationList;
			buildConfigurations = (
				E3FAD8D41D9A588400592CF6 /* Debug */,
				E3FAD8D51D9A588400592CF6 /* Release */,
			);
			defaultConfigurationIsVisible = 0;
			defaultConfigurationName = Release;
		};
		E3FAD8D61D9A588400592CF6 /* Build configuration list for PBXNativeTarget "ta20160927_realm" */ = {
			isa = XCConfigurationList;
			buildConfigurations = (
				E3FAD8D71D9A588400592CF6 /* Debug */,
				E3FAD8D81D9A588400592CF6 /* Release */,
			);
			defaultConfigurationIsVisible = 0;
			defaultConfigurationName = Release;
		};
/* End XCConfigurationList section */

/* Begin XCVersionGroup section */
		E3FAD8CB1D9A588400592CF6 /* ta20160927_realm.xcdatamodeld */ = {
			isa = XCVersionGroup;
			children = (
				E3FAD8CC1D9A588400592CF6 /* ta20160927_realm.xcdatamodel */,
			);
			currentVersion = E3FAD8CC1D9A588400592CF6 /* ta20160927_realm.xcdatamodel */;
			path = ta20160927_realm.xcdatamodeld;
			sourceTree = "<group>";
			versionGroupType = wrapper.xcdatamodel;
		};
/* End XCVersionGroup section */
	};
	rootObject = E3FAD8B91D9A588400592CF6 /* Project object */;
}
