// !$*UTF8*$!
{
	archiveVersion = 1;
	classes = {
	};
	objectVersion = 46;
	objects = {

/* Begin PBXBuildFile section */
		E3D87FF11D990D70000F1C16 /* AppDelegate.swift in Sources */ = {isa = PBXBuildFile; fileRef = E3D87FF01D990D70000F1C16 /* AppDelegate.swift */; };
		E3D87FF31D990D70000F1C16 /* FirstViewController.swift in Sources */ = {isa = PBXBuildFile; fileRef = E3D87FF21D990D70000F1C16 /* FirstViewController.swift */; };
		E3D87FF51D990D70000F1C16 /* SecondViewController.swift in Sources */ = {isa = PBXBuildFile; fileRef = E3D87FF41D990D70000F1C16 /* SecondViewController.swift */; };
		E3D87FF81D990D70000F1C16 /* Main.storyboard in Resources */ = {isa = PBXBuildFile; fileRef = E3D87FF61D990D70000F1C16 /* Main.storyboard */; };
		E3D87FFA1D990D70000F1C16 /* Assets.xcassets in Resources */ = {isa = PBXBuildFile; fileRef = E3D87FF91D990D70000F1C16 /* Assets.xcassets */; };
		E3D87FFD1D990D70000F1C16 /* LaunchScreen.storyboard in Resources */ = {isa = PBXBuildFile; fileRef = E3D87FFB1D990D70000F1C16 /* LaunchScreen.storyboard */; };
		E3D880051D99146D000F1C16 /* ProductTableViewController.swift in Sources */ = {isa = PBXBuildFile; fileRef = E3D880041D99146D000F1C16 /* ProductTableViewController.swift */; };
		E3D880071D9918B6000F1C16 /* CartTableViewCell.swift in Sources */ = {isa = PBXBuildFile; fileRef = E3D880061D9918B6000F1C16 /* CartTableViewCell.swift */; };
		E3D880091D991A38000F1C16 /* ProductTableViewCell.swift in Sources */ = {isa = PBXBuildFile; fileRef = E3D880081D991A38000F1C16 /* ProductTableViewCell.swift */; };
/* End PBXBuildFile section */

/* Begin PBXFileReference section */
		E3D87FED1D990D70000F1C16 /* ta20160926_scene3.app */ = {isa = PBXFileReference; explicitFileType = wrapper.application; includeInIndex = 0; path = ta20160926_scene3.app; sourceTree = BUILT_PRODUCTS_DIR; };
		E3D87FF01D990D70000F1C16 /* AppDelegate.swift */ = {isa = PBXFileReference; lastKnownFileType = sourcecode.swift; path = AppDelegate.swift; sourceTree = "<group>"; };
		E3D87FF21D990D70000F1C16 /* FirstViewController.swift */ = {isa = PBXFileReference; lastKnownFileType = sourcecode.swift; path = FirstViewController.swift; sourceTree = "<group>"; };
		E3D87FF41D990D70000F1C16 /* SecondViewController.swift */ = {isa = PBXFileReference; lastKnownFileType = sourcecode.swift; path = SecondViewController.swift; sourceTree = "<group>"; };
		E3D87FF71D990D70000F1C16 /* Base */ = {isa = PBXFileReference; lastKnownFileType = file.storyboard; name = Base; path = Base.lproj/Main.storyboard; sourceTree = "<group>"; };
		E3D87FF91D990D70000F1C16 /* Assets.xcassets */ = {isa = PBXFileReference; lastKnownFileType = folder.assetcatalog; path = Assets.xcassets; sourceTree = "<group>"; };
		E3D87FFC1D990D70000F1C16 /* Base */ = {isa = PBXFileReference; lastKnownFileType = file.storyboard; name = Base; path = Base.lproj/LaunchScreen.storyboard; sourceTree = "<group>"; };
		E3D87FFE1D990D70000F1C16 /* Info.plist */ = {isa = PBXFileReference; lastKnownFileType = text.plist.xml; path = Info.plist; sourceTree = "<group>"; };
		E3D880041D99146D000F1C16 /* ProductTableViewController.swift */ = {isa = PBXFileReference; fileEncoding = 4; lastKnownFileType = sourcecode.swift; path = ProductTableViewController.swift; sourceTree = "<group>"; };
		E3D880061D9918B6000F1C16 /* CartTableViewCell.swift */ = {isa = PBXFileReference; fileEncoding = 4; lastKnownFileType = sourcecode.swift; path = CartTableViewCell.swift; sourceTree = "<group>"; };
		E3D880081D991A38000F1C16 /* ProductTableViewCell.swift */ = {isa = PBXFileReference; fileEncoding = 4; lastKnownFileType = sourcecode.swift; path = ProductTableViewCell.swift; sourceTree = "<group>"; };
/* End PBXFileReference section */

/* Begin PBXFrameworksBuildPhase section */
		E3D87FEA1D990D70000F1C16 /* Frameworks */ = {
			isa = PBXFrameworksBuildPhase;
			buildActionMask = 2147483647;
			files = (
			);
			runOnlyForDeploymentPostprocessing = 0;
		};
/* End PBXFrameworksBuildPhase section */

/* Begin PBXGroup section */
		E3D87FE41D990D70000F1C16 = {
			isa = PBXGroup;
			children = (
				E3D87FEF1D990D70000F1C16 /* ta20160926_scene3 */,
				E3D87FEE1D990D70000F1C16 /* Products */,
			);
			sourceTree = "<group>";
		};
		E3D87FEE1D990D70000F1C16 /* Products */ = {
			isa = PBXGroup;
			children = (
				E3D87FED1D990D70000F1C16 /* ta20160926_scene3.app */,
			);
			name = Products;
			sourceTree = "<group>";
		};
		E3D87FEF1D990D70000F1C16 /* ta20160926_scene3 */ = {
			isa = PBXGroup;
			children = (
				E3D87FF01D990D70000F1C16 /* AppDelegate.swift */,
				E3D87FF21D990D70000F1C16 /* FirstViewController.swift */,
				E3D87FF41D990D70000F1C16 /* SecondViewController.swift */,
				E3D87FF61D990D70000F1C16 /* Main.storyboard */,
				E3D87FF91D990D70000F1C16 /* Assets.xcassets */,
				E3D87FFB1D990D70000F1C16 /* LaunchScreen.storyboard */,
				E3D87FFE1D990D70000F1C16 /* Info.plist */,
				E3D880041D99146D000F1C16 /* ProductTableViewController.swift */,
				E3D880061D9918B6000F1C16 /* CartTableViewCell.swift */,
				E3D880081D991A38000F1C16 /* ProductTableViewCell.swift */,
			);
			path = ta20160926_scene3;
			sourceTree = "<group>";
		};
/* End PBXGroup section */

/* Begin PBXNativeTarget section */
		E3D87FEC1D990D70000F1C16 /* ta20160926_scene3 */ = {
			isa = PBXNativeTarget;
			buildConfigurationList = E3D880011D990D70000F1C16 /* Build configuration list for PBXNativeTarget "ta20160926_scene3" */;
			buildPhases = (
				E3D87FE91D990D70000F1C16 /* Sources */,
				E3D87FEA1D990D70000F1C16 /* Frameworks */,
				E3D87FEB1D990D70000F1C16 /* Resources */,
			);
			buildRules = (
			);
			dependencies = (
			);
			name = ta20160926_scene3;
			productName = ta20160926_scene3;
			productReference = E3D87FED1D990D70000F1C16 /* ta20160926_scene3.app */;
			productType = "com.apple.product-type.application";
		};
/* End PBXNativeTarget section */

/* Begin PBXProject section */
		E3D87FE51D990D70000F1C16 /* Project object */ = {
			isa = PBXProject;
			attributes = {
				LastSwiftUpdateCheck = 0730;
				LastUpgradeCheck = 0730;
				ORGANIZATIONNAME = "김정원";
				TargetAttributes = {
					E3D87FEC1D990D70000F1C16 = {
						CreatedOnToolsVersion = 7.3.1;
					};
				};
			};
			buildConfigurationList = E3D87FE81D990D70000F1C16 /* Build configuration list for PBXProject "ta20160926_scene3" */;
			compatibilityVersion = "Xcode 3.2";
			developmentRegion = English;
			hasScannedForEncodings = 0;
			knownRegions = (
				en,
				Base,
			);
			mainGroup = E3D87FE41D990D70000F1C16;
			productRefGroup = E3D87FEE1D990D70000F1C16 /* Products */;
			projectDirPath = "";
			projectRoot = "";
			targets = (
				E3D87FEC1D990D70000F1C16 /* ta20160926_scene3 */,
			);
		};
/* End PBXProject section */

/* Begin PBXResourcesBuildPhase section */
		E3D87FEB1D990D70000F1C16 /* Resources */ = {
			isa = PBXResourcesBuildPhase;
			buildActionMask = 2147483647;
			files = (
				E3D87FFD1D990D70000F1C16 /* LaunchScreen.storyboard in Resources */,
				E3D87FFA1D990D70000F1C16 /* Assets.xcassets in Resources */,
				E3D87FF81D990D70000F1C16 /* Main.storyboard in Resources */,
			);
			runOnlyForDeploymentPostprocessing = 0;
		};
/* End PBXResourcesBuildPhase section */

/* Begin PBXSourcesBuildPhase section */
		E3D87FE91D990D70000F1C16 /* Sources */ = {
			isa = PBXSourcesBuildPhase;
			buildActionMask = 2147483647;
			files = (
				E3D87FF51D990D70000F1C16 /* SecondViewController.swift in Sources */,
				E3D87FF11D990D70000F1C16 /* AppDelegate.swift in Sources */,
				E3D880071D9918B6000F1C16 /* CartTableViewCell.swift in Sources */,
				E3D880051D99146D000F1C16 /* ProductTableViewController.swift in Sources */,
				E3D87FF31D990D70000F1C16 /* FirstViewController.swift in Sources */,
				E3D880091D991A38000F1C16 /* ProductTableViewCell.swift in Sources */,
			);
			runOnlyForDeploymentPostprocessing = 0;
		};
/* End PBXSourcesBuildPhase section */

/* Begin PBXVariantGroup section */
		E3D87FF61D990D70000F1C16 /* Main.storyboard */ = {
			isa = PBXVariantGroup;
			children = (
				E3D87FF71D990D70000F1C16 /* Base */,
			);
			name = Main.storyboard;
			sourceTree = "<group>";
		};
		E3D87FFB1D990D70000F1C16 /* LaunchScreen.storyboard */ = {
			isa = PBXVariantGroup;
			children = (
				E3D87FFC1D990D70000F1C16 /* Base */,
			);
			name = LaunchScreen.storyboard;
			sourceTree = "<group>";
		};
/* End PBXVariantGroup section */

/* Begin XCBuildConfiguration section */
		E3D87FFF1D990D70000F1C16 /* Debug */ = {
			isa = XCBuildConfiguration;
			buildSettings = {
				ALWAYS_SEARCH_USER_PATHS = NO;
				CLANG_ANALYZER_NONNULL = YES;
				CLANG_CXX_LANGUAGE_STANDARD = "gnu++0x";
				CLANG_CXX_LIBRARY = "libc++";
				CLANG_ENABLE_MODULES = YES;
				CLANG_ENABLE_OBJC_ARC = YES;
				CLANG_WARN_BOOL_CONVERSION = YES;
				CLANG_WARN_CONSTANT_CONVERSION = YES;
				CLANG_WARN_DIRECT_OBJC_ISA_USAGE = YES_ERROR;
				CLANG_WARN_EMPTY_BODY = YES;
				CLANG_WARN_ENUM_CONVERSION = YES;
				CLANG_WARN_INT_CONVERSION = YES;
				CLANG_WARN_OBJC_ROOT_CLASS = YES_ERROR;
				CLANG_WARN_UNREACHABLE_CODE = YES;
				CLANG_WARN__DUPLICATE_METHOD_MATCH = YES;
				"CODE_SIGN_IDENTITY[sdk=iphoneos*]" = "iPhone Developer";
				COPY_PHASE_STRIP = NO;
				DEBUG_INFORMATION_FORMAT = dwarf;
				ENABLE_STRICT_OBJC_MSGSEND = YES;
				ENABLE_TESTABILITY = YES;
				GCC_C_LANGUAGE_STANDARD = gnu99;
				GCC_DYNAMIC_NO_PIC = NO;
				GCC_NO_COMMON_BLOCKS = YES;
				GCC_OPTIMIZATION_LEVEL = 0;
				GCC_PREPROCESSOR_DEFINITIONS = (
					"DEBUG=1",
					"$(inherited)",
				);
				GCC_WARN_64_TO_32_BIT_CONVERSION = YES;
				GCC_WARN_ABOUT_RETURN_TYPE = YES_ERROR;
				GCC_WARN_UNDECLARED_SELECTOR = YES;
				GCC_WARN_UNINITIALIZED_AUTOS = YES_AGGRESSIVE;
				GCC_WARN_UNUSED_FUNCTION = YES;
				GCC_WARN_UNUSED_VARIABLE = YES;
				IPHONEOS_DEPLOYMENT_TARGET = 9.3;
				MTL_ENABLE_DEBUG_INFO = YES;
				ONLY_ACTIVE_ARCH = YES;
				SDKROOT = iphoneos;
				SWIFT_OPTIMIZATION_LEVEL = "-Onone";
			};
			name = Debug;
		};
		E3D880001D990D70000F1C16 /* Release */ = {
			isa = XCBuildConfiguration;
			buildSettings = {
				ALWAYS_SEARCH_USER_PATHS = NO;
				CLANG_ANALYZER_NONNULL = YES;
				CLANG_CXX_LANGUAGE_STANDARD = "gnu++0x";
				CLANG_CXX_LIBRARY = "libc++";
				CLANG_ENABLE_MODULES = YES;
				CLANG_ENABLE_OBJC_ARC = YES;
				CLANG_WARN_BOOL_CONVERSION = YES;
				CLANG_WARN_CONSTANT_CONVERSION = YES;
				CLANG_WARN_DIRECT_OBJC_ISA_USAGE = YES_ERROR;
				CLANG_WARN_EMPTY_BODY = YES;
				CLANG_WARN_ENUM_CONVERSION = YES;
				CLANG_WARN_INT_CONVERSION = YES;
				CLANG_WARN_OBJC_ROOT_CLASS = YES_ERROR;
				CLANG_WARN_UNREACHABLE_CODE = YES;
				CLANG_WARN__DUPLICATE_METHOD_MATCH = YES;
				"CODE_SIGN_IDENTITY[sdk=iphoneos*]" = "iPhone Developer";
				COPY_PHASE_STRIP = NO;
				DEBUG_INFORMATION_FORMAT = "dwarf-with-dsym";
				ENABLE_NS_ASSERTIONS = NO;
				ENABLE_STRICT_OBJC_MSGSEND = YES;
				GCC_C_LANGUAGE_STANDARD = gnu99;
				GCC_NO_COMMON_BLOCKS = YES;
				GCC_WARN_64_TO_32_BIT_CONVERSION = YES;
				GCC_WARN_ABOUT_RETURN_TYPE = YES_ERROR;
				GCC_WARN_UNDECLARED_SELECTOR = YES;
				GCC_WARN_UNINITIALIZED_AUTOS = YES_AGGRESSIVE;
				GCC_WARN_UNUSED_FUNCTION = YES;
				GCC_WARN_UNUSED_VARIABLE = YES;
				IPHONEOS_DEPLOYMENT_TARGET = 9.3;
				MTL_ENABLE_DEBUG_INFO = NO;
				SDKROOT = iphoneos;
				VALIDATE_PRODUCT = YES;
			};
			name = Release;
		};
		E3D880021D990D70000F1C16 /* Debug */ = {
			isa = XCBuildConfiguration;
			buildSettings = {
				ASSETCATALOG_COMPILER_APPICON_NAME = AppIcon;
				INFOPLIST_FILE = ta20160926_scene3/Info.plist;
				LD_RUNPATH_SEARCH_PATHS = "$(inherited) @executable_path/Frameworks";
				PRODUCT_BUNDLE_IDENTIFIER = "com.jwk.ta20160926-scene3";
				PRODUCT_NAME = "$(TARGET_NAME)";
			};
			name = Debug;
		};
		E3D880031D990D70000F1C16 /* Release */ = {
			isa = XCBuildConfiguration;
			buildSettings = {
				ASSETCATALOG_COMPILER_APPICON_NAME = AppIcon;
				INFOPLIST_FILE = ta20160926_scene3/Info.plist;
				LD_RUNPATH_SEARCH_PATHS = "$(inherited) @executable_path/Frameworks";
				PRODUCT_BUNDLE_IDENTIFIER = "com.jwk.ta20160926-scene3";
				PRODUCT_NAME = "$(TARGET_NAME)";
			};
			name = Release;
		};
/* End XCBuildConfiguration section */

/* Begin XCConfigurationList section */
		E3D87FE81D990D70000F1C16 /* Build configuration list for PBXProject "ta20160926_scene3" */ = {
			isa = XCConfigurationList;
			buildConfigurations = (
				E3D87FFF1D990D70000F1C16 /* Debug */,
				E3D880001D990D70000F1C16 /* Release */,
			);
			defaultConfigurationIsVisible = 0;
			defaultConfigurationName = Release;
		};
		E3D880011D990D70000F1C16 /* Build configuration list for PBXNativeTarget "ta20160926_scene3" */ = {
			isa = XCConfigurationList;
			buildConfigurations = (
				E3D880021D990D70000F1C16 /* Debug */,
				E3D880031D990D70000F1C16 /* Release */,
			);
			defaultConfigurationIsVisible = 0;
		};
/* End XCConfigurationList section */
	};
	rootObject = E3D87FE51D990D70000F1C16 /* Project object */;
}
